
Microsoft Visual Studio Solution File, Format Version 12.00
# Visual Studio Version 16
VisualStudioVersion = 16.0.31702.278
MinimumVisualStudioVersion = 10.0.40219.1
Project("{FAE04EC0-301F-11D3-BF4B-00C04F79EFBC}") = "PelianalytiikkaTyökalu", "PelianalytiikkaTyökalu\PelianalytiikkaTyökalu.csproj", "{11F5F333-F9E0-451B-8539-4AE7EE85C6E8}"
EndProject
Global
	GlobalSection(SolutionConfigurationPlatforms) = preSolution
		Debug|Any CPU = Debug|Any CPU
		Release|Any CPU = Release|Any CPU
	EndGlobalSection
	GlobalSection(ProjectConfigurationPlatforms) = postSolution
		{11F5F333-F9E0-451B-8539-4AE7EE85C6E8}.Debug|Any CPU.ActiveCfg = Debug|Any CPU
		{11F5F333-F9E0-451B-8539-4AE7EE85C6E8}.Debug|Any CPU.Build.0 = Debug|Any CPU
		{11F5F333-F9E0-451B-8539-4AE7EE85C6E8}.Release|Any CPU.ActiveCfg = Release|Any CPU
		{11F5F333-F9E0-451B-8539-4AE7EE85C6E8}.Release|Any CPU.Build.0 = Release|Any CPU
	EndGlobalSection
	GlobalSection(SolutionProperties) = preSolution
		HideSolutionNode = FALSE
	EndGlobalSection
	GlobalSection(ExtensibilityGlobals) = postSolution
		SolutionGuid = {EA231ED1-6620-40EE-A2D7-CF4B7CC2CED4}
	EndGlobalSection
EndGlobal
